
Microsoft Visual Studio Solution File, Format Version 12.00
# Visual Studio 14
VisualStudioVersion = 14.0.24720.0
MinimumVisualStudioVersion = 10.0.40219.1
Project("{FAE04EC0-301F-11D3-BF4B-00C04F79EFBC}") = "Inversion.Extensibility", "Inversion.Extensibility\Inversion.Extensibility.csproj", "{8BDF6F79-DE72-4F83-B5DC-C1ABC463B201}"
EndProject
Project("{2150E333-8FDC-42A3-9474-1A3956D46DE8}") = "inversion", "inversion", "{18DAC22C-75DC-450A-B410-D4AFF97EE242}"
EndProject
Project("{FAE04EC0-301F-11D3-BF4B-00C04F79EFBC}") = "Inversion", "submodules\inversion\Inversion\Inversion.csproj", "{A2DBF0B8-B672-4237-8A0B-864BB0474054}"
EndProject
Project("{FAE04EC0-301F-11D3-BF4B-00C04F79EFBC}") = "Inversion.Process", "submodules\inversion\Inversion.Process\Inversion.Process.csproj", "{37F59768-76EA-4D09-8976-BBC3540DB5AE}"
EndProject
Project("{FAE04EC0-301F-11D3-BF4B-00C04F79EFBC}") = "Inversion.Web", "submodules\inversion\Inversion.Web\Inversion.Web.csproj", "{6951BA6B-4388-4FC8-8298-60DA7563FEE4}"
EndProject
Global
	GlobalSection(SolutionConfigurationPlatforms) = preSolution
		Debug|Any CPU = Debug|Any CPU
		Release|Any CPU = Release|Any CPU
	EndGlobalSection
	GlobalSection(ProjectConfigurationPlatforms) = postSolution
		{8BDF6F79-DE72-4F83-B5DC-C1ABC463B201}.Debug|Any CPU.ActiveCfg = Debug|Any CPU
		{8BDF6F79-DE72-4F83-B5DC-C1ABC463B201}.Debug|Any CPU.Build.0 = Debug|Any CPU
		{8BDF6F79-DE72-4F83-B5DC-C1ABC463B201}.Release|Any CPU.ActiveCfg = Release|Any CPU
		{8BDF6F79-DE72-4F83-B5DC-C1ABC463B201}.Release|Any CPU.Build.0 = Release|Any CPU
		{A2DBF0B8-B672-4237-8A0B-864BB0474054}.Debug|Any CPU.ActiveCfg = Debug|Any CPU
		{A2DBF0B8-B672-4237-8A0B-864BB0474054}.Debug|Any CPU.Build.0 = Debug|Any CPU
		{A2DBF0B8-B672-4237-8A0B-864BB0474054}.Release|Any CPU.ActiveCfg = Release|Any CPU
		{A2DBF0B8-B672-4237-8A0B-864BB0474054}.Release|Any CPU.Build.0 = Release|Any CPU
		{37F59768-76EA-4D09-8976-BBC3540DB5AE}.Debug|Any CPU.ActiveCfg = Debug|Any CPU
		{37F59768-76EA-4D09-8976-BBC3540DB5AE}.Debug|Any CPU.Build.0 = Debug|Any CPU
		{37F59768-76EA-4D09-8976-BBC3540DB5AE}.Release|Any CPU.ActiveCfg = Release|Any CPU
		{37F59768-76EA-4D09-8976-BBC3540DB5AE}.Release|Any CPU.Build.0 = Release|Any CPU
		{6951BA6B-4388-4FC8-8298-60DA7563FEE4}.Debug|Any CPU.ActiveCfg = Debug|Any CPU
		{6951BA6B-4388-4FC8-8298-60DA7563FEE4}.Debug|Any CPU.Build.0 = Debug|Any CPU
		{6951BA6B-4388-4FC8-8298-60DA7563FEE4}.Release|Any CPU.ActiveCfg = Release|Any CPU
		{6951BA6B-4388-4FC8-8298-60DA7563FEE4}.Release|Any CPU.Build.0 = Release|Any CPU
	EndGlobalSection
	GlobalSection(SolutionProperties) = preSolution
		HideSolutionNode = FALSE
	EndGlobalSection
	GlobalSection(NestedProjects) = preSolution
		{A2DBF0B8-B672-4237-8A0B-864BB0474054} = {18DAC22C-75DC-450A-B410-D4AFF97EE242}
		{37F59768-76EA-4D09-8976-BBC3540DB5AE} = {18DAC22C-75DC-450A-B410-D4AFF97EE242}
		{6951BA6B-4388-4FC8-8298-60DA7563FEE4} = {18DAC22C-75DC-450A-B410-D4AFF97EE242}
	EndGlobalSection
EndGlobal
